
Microsoft Visual Studio Solution File, Format Version 12.00
# Visual Studio Version 17
VisualStudioVersion = 17.5.33516.290
MinimumVisualStudioVersion = 10.0.40219.1
Project("{FAE04EC0-301F-11D3-BF4B-00C04F79EFBC}") = "Character Frequency", "Character Frequency\Character Frequency.csproj", "{E05C7BF9-4D82-4BBB-880D-253811C17059}"
EndProject
Global
	GlobalSection(SolutionConfigurationPlatforms) = preSolution
		Debug|Any CPU = Debug|Any CPU
		Release|Any CPU = Release|Any CPU
	EndGlobalSection
	GlobalSection(ProjectConfigurationPlatforms) = postSolution
		{E05C7BF9-4D82-4BBB-880D-253811C17059}.Debug|Any CPU.ActiveCfg = Debug|Any CPU
		{E05C7BF9-4D82-4BBB-880D-253811C17059}.Debug|Any CPU.Build.0 = Debug|Any CPU
		{E05C7BF9-4D82-4BBB-880D-253811C17059}.Release|Any CPU.ActiveCfg = Release|Any CPU
		{E05C7BF9-4D82-4BBB-880D-253811C17059}.Release|Any CPU.Build.0 = Release|Any CPU
	EndGlobalSection
	GlobalSection(SolutionProperties) = preSolution
		HideSolutionNode = FALSE
	EndGlobalSection
	GlobalSection(ExtensibilityGlobals) = postSolution
		SolutionGuid = {6B912F0E-392A-4799-AC93-4FE426D787CE}
	EndGlobalSection
EndGlobal
